// !$*UTF8*$!
{
	archiveVersion = 1;
	classes = {
	};
	objectVersion = 55;
	objects = {

/* Begin PBXBuildFile section */
		6511D72227F5E53300ED7DDF /* GrillaViewController.swift in Sources */ = {isa = PBXBuildFile; fileRef = 6511D72127F5E53300ED7DDF /* GrillaViewController.swift */; };
		652B191B27D332AA00572E1B /* LeftVsLeadingContraintExampleView.swift in Sources */ = {isa = PBXBuildFile; fileRef = 652B191A27D332AA00572E1B /* LeftVsLeadingContraintExampleView.swift */; };
		652B191D27D65A5500572E1B /* ViewConstraint.swift in Sources */ = {isa = PBXBuildFile; fileRef = 652B191C27D65A5400572E1B /* ViewConstraint.swift */; };
		652B192027D65C0200572E1B /* ViewRepresentable.swift in Sources */ = {isa = PBXBuildFile; fileRef = 652B191F27D65C0200572E1B /* ViewRepresentable.swift */; };
		652D47CB27CF3A4600F32561 /* AutolayoutApp.swift in Sources */ = {isa = PBXBuildFile; fileRef = 652D47CA27CF3A4600F32561 /* AutolayoutApp.swift */; };
		652D47CD27CF3A4600F32561 /* ContentView.swift in Sources */ = {isa = PBXBuildFile; fileRef = 652D47CC27CF3A4600F32561 /* ContentView.swift */; };
		652D47CF27CF3A4B00F32561 /* Assets.xcassets in Resources */ = {isa = PBXBuildFile; fileRef = 652D47CE27CF3A4B00F32561 /* Assets.xcassets */; };
		652D47D227CF3A4B00F32561 /* Preview Assets.xcassets in Resources */ = {isa = PBXBuildFile; fileRef = 652D47D127CF3A4B00F32561 /* Preview Assets.xcassets */; };
		65603CB928641F3700B76FAA /* CompositionLayoutView.swift in Sources */ = {isa = PBXBuildFile; fileRef = 65603CB828641F3700B76FAA /* CompositionLayoutView.swift */; };
		65B7DDA228660EA900F5561F /* ComponentCellView.swift in Sources */ = {isa = PBXBuildFile; fileRef = 65B7DDA128660EA900F5561F /* ComponentCellView.swift */; };
		65D5C71F27D6622400AB4759 /* UsesAutoLayout.swift in Sources */ = {isa = PBXBuildFile; fileRef = 65D5C71E27D6622400AB4759 /* UsesAutoLayout.swift */; };
		65D5C72127D6794100AB4759 /* IntrinsicContentSize.swift in Sources */ = {isa = PBXBuildFile; fileRef = 65D5C72027D6794100AB4759 /* IntrinsicContentSize.swift */; };
		65D5C72327D67C4B00AB4759 /* ContentHuggingCompressionResistance.swift in Sources */ = {isa = PBXBuildFile; fileRef = 65D5C72227D67C4B00AB4759 /* ContentHuggingCompressionResistance.swift */; };
/* End PBXBuildFile section */

/* Begin PBXFileReference section */
		6511D72127F5E53300ED7DDF /* GrillaViewController.swift */ = {isa = PBXFileReference; lastKnownFileType = sourcecode.swift; path = GrillaViewController.swift; sourceTree = "<group>"; };
		652B191A27D332AA00572E1B /* LeftVsLeadingContraintExampleView.swift */ = {isa = PBXFileReference; lastKnownFileType = sourcecode.swift; path = LeftVsLeadingContraintExampleView.swift; sourceTree = "<group>"; };
		652B191C27D65A5400572E1B /* ViewConstraint.swift */ = {isa = PBXFileReference; lastKnownFileType = sourcecode.swift; path = ViewConstraint.swift; sourceTree = "<group>"; };
		652B191F27D65C0200572E1B /* ViewRepresentable.swift */ = {isa = PBXFileReference; lastKnownFileType = sourcecode.swift; path = ViewRepresentable.swift; sourceTree = "<group>"; };
		652D47C727CF3A4600F32561 /* Autolayout.app */ = {isa = PBXFileReference; explicitFileType = wrapper.application; includeInIndex = 0; path = Autolayout.app; sourceTree = BUILT_PRODUCTS_DIR; };
		652D47CA27CF3A4600F32561 /* AutolayoutApp.swift */ = {isa = PBXFileReference; lastKnownFileType = sourcecode.swift; path = AutolayoutApp.swift; sourceTree = "<group>"; };
		652D47CC27CF3A4600F32561 /* ContentView.swift */ = {isa = PBXFileReference; lastKnownFileType = sourcecode.swift; path = ContentView.swift; sourceTree = "<group>"; };
		652D47CE27CF3A4B00F32561 /* Assets.xcassets */ = {isa = PBXFileReference; lastKnownFileType = folder.assetcatalog; path = Assets.xcassets; sourceTree = "<group>"; };
		652D47D127CF3A4B00F32561 /* Preview Assets.xcassets */ = {isa = PBXFileReference; lastKnownFileType = folder.assetcatalog; path = "Preview Assets.xcassets"; sourceTree = "<group>"; };
		65603CB828641F3700B76FAA /* CompositionLayoutView.swift */ = {isa = PBXFileReference; lastKnownFileType = sourcecode.swift; path = CompositionLayoutView.swift; sourceTree = "<group>"; };
		65B7DDA128660EA900F5561F /* ComponentCellView.swift */ = {isa = PBXFileReference; lastKnownFileType = sourcecode.swift; path = ComponentCellView.swift; sourceTree = "<group>"; };
		65D5C71E27D6622400AB4759 /* UsesAutoLayout.swift */ = {isa = PBXFileReference; lastKnownFileType = sourcecode.swift; path = UsesAutoLayout.swift; sourceTree = "<group>"; };
		65D5C72027D6794100AB4759 /* IntrinsicContentSize.swift */ = {isa = PBXFileReference; lastKnownFileType = sourcecode.swift; path = IntrinsicContentSize.swift; sourceTree = "<group>"; };
		65D5C72227D67C4B00AB4759 /* ContentHuggingCompressionResistance.swift */ = {isa = PBXFileReference; lastKnownFileType = sourcecode.swift; path = ContentHuggingCompressionResistance.swift; sourceTree = "<group>"; };
/* End PBXFileReference section */

/* Begin PBXFrameworksBuildPhase section */
		652D47C427CF3A4600F32561 /* Frameworks */ = {
			isa = PBXFrameworksBuildPhase;
			buildActionMask = 2147483647;
			files = (
			);
			runOnlyForDeploymentPostprocessing = 0;
		};
/* End PBXFrameworksBuildPhase section */

/* Begin PBXGroup section */
		652B191E27D65BF500572E1B /* Utils */ = {
			isa = PBXGroup;
			children = (
				652B191F27D65C0200572E1B /* ViewRepresentable.swift */,
				65D5C71E27D6622400AB4759 /* UsesAutoLayout.swift */,
			);
			path = Utils;
			sourceTree = "<group>";
		};
		652D47BE27CF3A4600F32561 = {
			isa = PBXGroup;
			children = (
				652D47C927CF3A4600F32561 /* Autolayout */,
				652D47C827CF3A4600F32561 /* Products */,
			);
			sourceTree = "<group>";
		};
		652D47C827CF3A4600F32561 /* Products */ = {
			isa = PBXGroup;
			children = (
				652D47C727CF3A4600F32561 /* Autolayout.app */,
			);
			name = Products;
			sourceTree = "<group>";
		};
		652D47C927CF3A4600F32561 /* Autolayout */ = {
			isa = PBXGroup;
			children = (
				652D47D827CF3AA900F32561 /* Examples */,
				652D47CA27CF3A4600F32561 /* AutolayoutApp.swift */,
				652D47CC27CF3A4600F32561 /* ContentView.swift */,
				652D47CE27CF3A4B00F32561 /* Assets.xcassets */,
				652D47D027CF3A4B00F32561 /* Preview Content */,
			);
			path = Autolayout;
			sourceTree = "<group>";
		};
		652D47D027CF3A4B00F32561 /* Preview Content */ = {
			isa = PBXGroup;
			children = (
				652D47D127CF3A4B00F32561 /* Preview Assets.xcassets */,
			);
			path = "Preview Content";
			sourceTree = "<group>";
		};
		652D47D827CF3AA900F32561 /* Examples */ = {
			isa = PBXGroup;
			children = (
				652B191E27D65BF500572E1B /* Utils */,
				652D47DA27CF3B0500F32561 /* Screens */,
				652D47D927CF3AF800F32561 /* Examples */,
			);
			path = Examples;
			sourceTree = "<group>";
		};
		652D47D927CF3AF800F32561 /* Examples */ = {
			isa = PBXGroup;
			children = (
				65B7DDA028660E9900F5561F /* CompositionLayoutView */,
				652B191A27D332AA00572E1B /* LeftVsLeadingContraintExampleView.swift */,
				652B191C27D65A5400572E1B /* ViewConstraint.swift */,
				65D5C72027D6794100AB4759 /* IntrinsicContentSize.swift */,
				65D5C72227D67C4B00AB4759 /* ContentHuggingCompressionResistance.swift */,
				6511D72127F5E53300ED7DDF /* GrillaViewController.swift */,
			);
			path = Examples;
			sourceTree = "<group>";
		};
		652D47DA27CF3B0500F32561 /* Screens */ = {
			isa = PBXGroup;
			children = (
				652D47DB27CF3B1D00F32561 /* Xib */,
			);
			path = Screens;
			sourceTree = "<group>";
		};
		652D47DB27CF3B1D00F32561 /* Xib */ = {
			isa = PBXGroup;
			children = (
			);
			path = Xib;
			sourceTree = "<group>";
		};
		65B7DDA028660E9900F5561F /* CompositionLayoutView */ = {
			isa = PBXGroup;
			children = (
				65603CB828641F3700B76FAA /* CompositionLayoutView.swift */,
				65B7DDA128660EA900F5561F /* ComponentCellView.swift */,
			);
			path = CompositionLayoutView;
			sourceTree = "<group>";
		};
/* End PBXGroup section */

/* Begin PBXNativeTarget section */
		652D47C627CF3A4600F32561 /* Autolayout */ = {
			isa = PBXNativeTarget;
			buildConfigurationList = 652D47D527CF3A4B00F32561 /* Build configuration list for PBXNativeTarget "Autolayout" */;
			buildPhases = (
				652D47C327CF3A4600F32561 /* Sources */,
				652D47C427CF3A4600F32561 /* Frameworks */,
				652D47C527CF3A4600F32561 /* Resources */,
			);
			buildRules = (
			);
			dependencies = (
			);
			name = Autolayout;
			productName = Autolayout;
			productReference = 652D47C727CF3A4600F32561 /* Autolayout.app */;
			productType = "com.apple.product-type.application";
		};
/* End PBXNativeTarget section */

/* Begin PBXProject section */
		652D47BF27CF3A4600F32561 /* Project object */ = {
			isa = PBXProject;
			attributes = {
				BuildIndependentTargetsInParallel = 1;
				LastSwiftUpdateCheck = 1310;
				LastUpgradeCheck = 1310;
				TargetAttributes = {
					652D47C627CF3A4600F32561 = {
						CreatedOnToolsVersion = 13.1;
					};
				};
			};
			buildConfigurationList = 652D47C227CF3A4600F32561 /* Build configuration list for PBXProject "Autolayout" */;
			compatibilityVersion = "Xcode 13.0";
			developmentRegion = en;
			hasScannedForEncodings = 0;
			knownRegions = (
				en,
				Base,
			);
			mainGroup = 652D47BE27CF3A4600F32561;
			productRefGroup = 652D47C827CF3A4600F32561 /* Products */;
			projectDirPath = "";
			projectRoot = "";
			targets = (
				652D47C627CF3A4600F32561 /* Autolayout */,
			);
		};
/* End PBXProject section */

/* Begin PBXResourcesBuildPhase section */
		652D47C527CF3A4600F32561 /* Resources */ = {
			isa = PBXResourcesBuildPhase;
			buildActionMask = 2147483647;
			files = (
				652D47D227CF3A4B00F32561 /* Preview Assets.xcassets in Resources */,
				652D47CF27CF3A4B00F32561 /* Assets.xcassets in Resources */,
			);
			runOnlyForDeploymentPostprocessing = 0;
		};
/* End PBXResourcesBuildPhase section */

/* Begin PBXSourcesBuildPhase section */
		652D47C327CF3A4600F32561 /* Sources */ = {
			isa = PBXSourcesBuildPhase;
			buildActionMask = 2147483647;
			files = (
				652D47CD27CF3A4600F32561 /* ContentView.swift in Sources */,
				65603CB928641F3700B76FAA /* CompositionLayoutView.swift in Sources */,
				652D47CB27CF3A4600F32561 /* AutolayoutApp.swift in Sources */,
				652B191B27D332AA00572E1B /* LeftVsLeadingContraintExampleView.swift in Sources */,
				65D5C72327D67C4B00AB4759 /* ContentHuggingCompressionResistance.swift in Sources */,
				652B191D27D65A5500572E1B /* ViewConstraint.swift in Sources */,
				65D5C72127D6794100AB4759 /* IntrinsicContentSize.swift in Sources */,
				65D5C71F27D6622400AB4759 /* UsesAutoLayout.swift in Sources */,
				6511D72227F5E53300ED7DDF /* GrillaViewController.swift in Sources */,
				65B7DDA228660EA900F5561F /* ComponentCellView.swift in Sources */,
				652B192027D65C0200572E1B /* ViewRepresentable.swift in Sources */,
			);
			runOnlyForDeploymentPostprocessing = 0;
		};
/* End PBXSourcesBuildPhase section */

/* Begin XCBuildConfiguration section */
		652D47D327CF3A4B00F32561 /* Debug */ = {
			isa = XCBuildConfiguration;
			buildSettings = {
				ALWAYS_SEARCH_USER_PATHS = NO;
				CLANG_ANALYZER_NONNULL = YES;
				CLANG_ANALYZER_NUMBER_OBJECT_CONVERSION = YES_AGGRESSIVE;
				CLANG_CXX_LANGUAGE_STANDARD = "gnu++17";
				CLANG_CXX_LIBRARY = "libc++";
				CLANG_ENABLE_MODULES = YES;
				CLANG_ENABLE_OBJC_ARC = YES;
				CLANG_ENABLE_OBJC_WEAK = YES;
				CLANG_WARN_BLOCK_CAPTURE_AUTORELEASING = YES;
				CLANG_WARN_BOOL_CONVERSION = YES;
				CLANG_WARN_COMMA = YES;
				CLANG_WARN_CONSTANT_CONVERSION = YES;
				CLANG_WARN_DEPRECATED_OBJC_IMPLEMENTATIONS = YES;
				CLANG_WARN_DIRECT_OBJC_ISA_USAGE = YES_ERROR;
				CLANG_WARN_DOCUMENTATION_COMMENTS = YES;
				CLANG_WARN_EMPTY_BODY = YES;
				CLANG_WARN_ENUM_CONVERSION = YES;
				CLANG_WARN_INFINITE_RECURSION = YES;
				CLANG_WARN_INT_CONVERSION = YES;
				CLANG_WARN_NON_LITERAL_NULL_CONVERSION = YES;
				CLANG_WARN_OBJC_IMPLICIT_RETAIN_SELF = YES;
				CLANG_WARN_OBJC_LITERAL_CONVERSION = YES;
				CLANG_WARN_OBJC_ROOT_CLASS = YES_ERROR;
				CLANG_WARN_QUOTED_INCLUDE_IN_FRAMEWORK_HEADER = YES;
				CLANG_WARN_RANGE_LOOP_ANALYSIS = YES;
				CLANG_WARN_STRICT_PROTOTYPES = YES;
				CLANG_WARN_SUSPICIOUS_MOVE = YES;
				CLANG_WARN_UNGUARDED_AVAILABILITY = YES_AGGRESSIVE;
				CLANG_WARN_UNREACHABLE_CODE = YES;
				CLANG_WARN__DUPLICATE_METHOD_MATCH = YES;
				COPY_PHASE_STRIP = NO;
				DEBUG_INFORMATION_FORMAT = dwarf;
				ENABLE_STRICT_OBJC_MSGSEND = YES;
				ENABLE_TESTABILITY = YES;
				GCC_C_LANGUAGE_STANDARD = gnu11;
				GCC_DYNAMIC_NO_PIC = NO;
				GCC_NO_COMMON_BLOCKS = YES;
				GCC_OPTIMIZATION_LEVEL = 0;
				GCC_PREPROCESSOR_DEFINITIONS = (
					"DEBUG=1",
					"$(inherited)",
				);
				GCC_WARN_64_TO_32_BIT_CONVERSION = YES;
				GCC_WARN_ABOUT_RETURN_TYPE = YES_ERROR;
				GCC_WARN_UNDECLARED_SELECTOR = YES;
				GCC_WARN_UNINITIALIZED_AUTOS = YES_AGGRESSIVE;
				GCC_WARN_UNUSED_FUNCTION = YES;
				GCC_WARN_UNUSED_VARIABLE = YES;
				IPHONEOS_DEPLOYMENT_TARGET = 15.0;
				MTL_ENABLE_DEBUG_INFO = INCLUDE_SOURCE;
				MTL_FAST_MATH = YES;
				ONLY_ACTIVE_ARCH = YES;
				SDKROOT = iphoneos;
				SWIFT_ACTIVE_COMPILATION_CONDITIONS = DEBUG;
				SWIFT_OPTIMIZATION_LEVEL = "-Onone";
			};
			name = Debug;
		};
		652D47D427CF3A4B00F32561 /* Release */ = {
			isa = XCBuildConfiguration;
			buildSettings = {
				ALWAYS_SEARCH_USER_PATHS = NO;
				CLANG_ANALYZER_NONNULL = YES;
				CLANG_ANALYZER_NUMBER_OBJECT_CONVERSION = YES_AGGRESSIVE;
				CLANG_CXX_LANGUAGE_STANDARD = "gnu++17";
				CLANG_CXX_LIBRARY = "libc++";
				CLANG_ENABLE_MODULES = YES;
				CLANG_ENABLE_OBJC_ARC = YES;
				CLANG_ENABLE_OBJC_WEAK = YES;
				CLANG_WARN_BLOCK_CAPTURE_AUTORELEASING = YES;
				CLANG_WARN_BOOL_CONVERSION = YES;
				CLANG_WARN_COMMA = YES;
				CLANG_WARN_CONSTANT_CONVERSION = YES;
				CLANG_WARN_DEPRECATED_OBJC_IMPLEMENTATIONS = YES;
				CLANG_WARN_DIRECT_OBJC_ISA_USAGE = YES_ERROR;
				CLANG_WARN_DOCUMENTATION_COMMENTS = YES;
				CLANG_WARN_EMPTY_BODY = YES;
				CLANG_WARN_ENUM_CONVERSION = YES;
				CLANG_WARN_INFINITE_RECURSION = YES;
				CLANG_WARN_INT_CONVERSION = YES;
				CLANG_WARN_NON_LITERAL_NULL_CONVERSION = YES;
				CLANG_WARN_OBJC_IMPLICIT_RETAIN_SELF = YES;
				CLANG_WARN_OBJC_LITERAL_CONVERSION = YES;
				CLANG_WARN_OBJC_ROOT_CLASS = YES_ERROR;
				CLANG_WARN_QUOTED_INCLUDE_IN_FRAMEWORK_HEADER = YES;
				CLANG_WARN_RANGE_LOOP_ANALYSIS = YES;
				CLANG_WARN_STRICT_PROTOTYPES = YES;
				CLANG_WARN_SUSPICIOUS_MOVE = YES;
				CLANG_WARN_UNGUARDED_AVAILABILITY = YES_AGGRESSIVE;
				CLANG_WARN_UNREACHABLE_CODE = YES;
				CLANG_WARN__DUPLICATE_METHOD_MATCH = YES;
				COPY_PHASE_STRIP = NO;
				DEBUG_INFORMATION_FORMAT = "dwarf-with-dsym";
				ENABLE_NS_ASSERTIONS = NO;
				ENABLE_STRICT_OBJC_MSGSEND = YES;
				GCC_C_LANGUAGE_STANDARD = gnu11;
				GCC_NO_COMMON_BLOCKS = YES;
				GCC_WARN_64_TO_32_BIT_CONVERSION = YES;
				GCC_WARN_ABOUT_RETURN_TYPE = YES_ERROR;
				GCC_WARN_UNDECLARED_SELECTOR = YES;
				GCC_WARN_UNINITIALIZED_AUTOS = YES_AGGRESSIVE;
				GCC_WARN_UNUSED_FUNCTION = YES;
				GCC_WARN_UNUSED_VARIABLE = YES;
				IPHONEOS_DEPLOYMENT_TARGET = 15.0;
				MTL_ENABLE_DEBUG_INFO = NO;
				MTL_FAST_MATH = YES;
				SDKROOT = iphoneos;
				SWIFT_COMPILATION_MODE = wholemodule;
				SWIFT_OPTIMIZATION_LEVEL = "-O";
				VALIDATE_PRODUCT = YES;
			};
			name = Release;
		};
		652D47D627CF3A4B00F32561 /* Debug */ = {
			isa = XCBuildConfiguration;
			buildSettings = {
				ASSETCATALOG_COMPILER_APPICON_NAME = AppIcon;
				ASSETCATALOG_COMPILER_GLOBAL_ACCENT_COLOR_NAME = AccentColor;
				CODE_SIGN_STYLE = Automatic;
				CURRENT_PROJECT_VERSION = 1;
				DEVELOPMENT_ASSET_PATHS = "\"Autolayout/Preview Content\"";
				ENABLE_PREVIEWS = YES;
				GENERATE_INFOPLIST_FILE = YES;
				INFOPLIST_KEY_UIApplicationSceneManifest_Generation = YES;
				INFOPLIST_KEY_UIApplicationSupportsIndirectInputEvents = YES;
				INFOPLIST_KEY_UILaunchScreen_Generation = YES;
				INFOPLIST_KEY_UISupportedInterfaceOrientations_iPad = "UIInterfaceOrientationPortrait UIInterfaceOrientationPortraitUpsideDown UIInterfaceOrientationLandscapeLeft UIInterfaceOrientationLandscapeRight";
				INFOPLIST_KEY_UISupportedInterfaceOrientations_iPhone = "UIInterfaceOrientationPortrait UIInterfaceOrientationLandscapeLeft UIInterfaceOrientationLandscapeRight";
				LD_RUNPATH_SEARCH_PATHS = (
					"$(inherited)",
					"@executable_path/Frameworks",
				);
				MARKETING_VERSION = 1.0;
				PRODUCT_BUNDLE_IDENTIFIER = "com.pedidosya.-project-name-.Autolayout";
				PRODUCT_NAME = "$(TARGET_NAME)";
				SWIFT_EMIT_LOC_STRINGS = YES;
				SWIFT_VERSION = 5.0;
				TARGETED_DEVICE_FAMILY = "1,2";
			};
			name = Debug;
		};
		652D47D727CF3A4B00F32561 /* Release */ = {
			isa = XCBuildConfiguration;
			buildSettings = {
				ASSETCATALOG_COMPILER_APPICON_NAME = AppIcon;
				ASSETCATALOG_COMPILER_GLOBAL_ACCENT_COLOR_NAME = AccentColor;
				CODE_SIGN_STYLE = Automatic;
				CURRENT_PROJECT_VERSION = 1;
				DEVELOPMENT_ASSET_PATHS = "\"Autolayout/Preview Content\"";
				ENABLE_PREVIEWS = YES;
				GENERATE_INFOPLIST_FILE = YES;
				INFOPLIST_KEY_UIApplicationSceneManifest_Generation = YES;
				INFOPLIST_KEY_UIApplicationSupportsIndirectInputEvents = YES;
				INFOPLIST_KEY_UILaunchScreen_Generation = YES;
				INFOPLIST_KEY_UISupportedInterfaceOrientations_iPad = "UIInterfaceOrientationPortrait UIInterfaceOrientationPortraitUpsideDown UIInterfaceOrientationLandscapeLeft UIInterfaceOrientationLandscapeRight";
				INFOPLIST_KEY_UISupportedInterfaceOrientations_iPhone = "UIInterfaceOrientationPortrait UIInterfaceOrientationLandscapeLeft UIInterfaceOrientationLandscapeRight";
				LD_RUNPATH_SEARCH_PATHS = (
					"$(inherited)",
					"@executable_path/Frameworks",
				);
				MARKETING_VERSION = 1.0;
				PRODUCT_BUNDLE_IDENTIFIER = "com.pedidosya.-project-name-.Autolayout";
				PRODUCT_NAME = "$(TARGET_NAME)";
				SWIFT_EMIT_LOC_STRINGS = YES;
				SWIFT_VERSION = 5.0;
				TARGETED_DEVICE_FAMILY = "1,2";
			};
			name = Release;
		};
/* End XCBuildConfiguration section */

/* Begin XCConfigurationList section */
		652D47C227CF3A4600F32561 /* Build configuration list for PBXProject "Autolayout" */ = {
			isa = XCConfigurationList;
			buildConfigurations = (
				652D47D327CF3A4B00F32561 /* Debug */,
				652D47D427CF3A4B00F32561 /* Release */,
			);
			defaultConfigurationIsVisible = 0;
			defaultConfigurationName = Release;
		};
		652D47D527CF3A4B00F32561 /* Build configuration list for PBXNativeTarget "Autolayout" */ = {
			isa = XCConfigurationList;
			buildConfigurations = (
				652D47D627CF3A4B00F32561 /* Debug */,
				652D47D727CF3A4B00F32561 /* Release */,
			);
			defaultConfigurationIsVisible = 0;
			defaultConfigurationName = Release;
		};
/* End XCConfigurationList section */
	};
	rootObject = 652D47BF27CF3A4600F32561 /* Project object */;
}
